// !$*UTF8*$!
{
	archiveVersion = 1;
	classes = {
	};
	objectVersion = 46;
	objects = {

/* Begin PBXBuildFile section */
		261030873AC57F9032CBE1AE /* ContentView.swift in Sources */ = {isa = PBXBuildFile; fileRef = 573CD8E3ECC6F343841CB7BB /* ContentView.swift */; };
		35750E8387B89A38F32073BF /* Cocoa.framework in Frameworks */ = {isa = PBXBuildFile; fileRef = BAE9AD42878E114EE2A68F4C /* Cocoa.framework */; };
		36BA82F82E0B259003ECD993 /* Assets.xcassets in Resources */ = {isa = PBXBuildFile; fileRef = 8A30A8BF4279F8CD364E6E10 /* Assets.xcassets */; };
		4E85210CD088EFEE420AB9DE /* parser-estree.js in Resources */ = {isa = PBXBuildFile; fileRef = 144819D86C39C3B67F6B4A21 /* parser-estree.js */; };
		644E1B44F6ED771D5592C935 /* PreviewViewController.swift in Sources */ = {isa = PBXBuildFile; fileRef = B36AC6EB7B1882C64A2DE876 /* PreviewViewController.swift */; };
		646A4363E990BF198398CA29 /* Cocoa.framework in Frameworks */ = {isa = PBXBuildFile; fileRef = BAE9AD42878E114EE2A68F4C /* Cocoa.framework */; };
		7A03BCC97E9BCC9876E36D3A /* MarkdownPreviewExtension.appex in Embed App Extensions */ = {isa = PBXBuildFile; fileRef = C2EA4345895DE5E462C6C6A4 /* MarkdownPreviewExtension.appex */; };
		89E500052707AEB7BA65BB22 /* parser-yaml.js in Resources */ = {isa = PBXBuildFile; fileRef = 4FA7865379FE4ECEA88C0EB5 /* parser-yaml.js */; };
		C89B520E8A4EC3B47B6F7A17 /* MarkdownPreviewApp.swift in Sources */ = {isa = PBXBuildFile; fileRef = B2FB48F99462A735A0A0D238 /* MarkdownPreviewApp.swift */; };
		D2C81C7DE7BBBD8623B011F8 /* CoreMarkdownPreview in Frameworks */ = {isa = PBXBuildFile; productRef = B4639CA4D54F2C7895CF1B66 /* CoreMarkdownPreview */; };
		D700BCFC9C31BC76C975079B /* highlight.min.js in Resources */ = {isa = PBXBuildFile; fileRef = 69933CDE65CEAD5408F0C92F /* highlight.min.js */; };
		E6A555912AB23EAD78964E92 /* parser-html.js in Resources */ = {isa = PBXBuildFile; fileRef = 88D1061D11B79EB7017BFC85 /* parser-html.js */; };
		ECFE41672A2A7A51014D688E /* standalone.js in Resources */ = {isa = PBXBuildFile; fileRef = 112C480A2BECBD10145CB768 /* standalone.js */; };
		FCF11DF8892651F48199A12A /* parser-babel.js in Resources */ = {isa = PBXBuildFile; fileRef = D0AD2A7245D7B11289B7CB27 /* parser-babel.js */; };
/* End PBXBuildFile section */

/* Begin PBXContainerItemProxy section */
		341EECF6D1F099793A70BB34 /* PBXContainerItemProxy */ = {
			isa = PBXContainerItemProxy;
			containerPortal = 6C50B20F11FB99D6E50D1D0E /* Project object */;
			proxyType = 1;
			remoteGlobalIDString = 541B56C7FE4DA528EF572819;
			remoteInfo = MarkdownPreviewExtension;
		};
/* End PBXContainerItemProxy section */

/* Begin PBXCopyFilesBuildPhase section */
		9519A91C76672B0554A725D3 /* Embed App Extensions */ = {
			isa = PBXCopyFilesBuildPhase;
			buildActionMask = 2147483647;
			dstPath = "";
			dstSubfolderSpec = 13;
			files = (
				7A03BCC97E9BCC9876E36D3A /* MarkdownPreviewExtension.appex in Embed App Extensions */,
			);
			name = "Embed App Extensions";
			runOnlyForDeploymentPostprocessing = 0;
		};
/* End PBXCopyFilesBuildPhase section */

/* Begin PBXFileReference section */
		112C480A2BECBD10145CB768 /* standalone.js */ = {isa = PBXFileReference; includeInIndex = 1; name = standalone.js; path = src/MarkdownPreviewExtension/Resources/Prettier/standalone.js; sourceTree = "<group>"; };
		144819D86C39C3B67F6B4A21 /* parser-estree.js */ = {isa = PBXFileReference; includeInIndex = 1; name = "parser-estree.js"; path = "src/MarkdownPreviewExtension/Resources/Prettier/parser-estree.js"; sourceTree = "<group>"; };
		4FA7865379FE4ECEA88C0EB5 /* parser-yaml.js */ = {isa = PBXFileReference; includeInIndex = 1; name = "parser-yaml.js"; path = "src/MarkdownPreviewExtension/Resources/Prettier/parser-yaml.js"; sourceTree = "<group>"; };
		573CD8E3ECC6F343841CB7BB /* ContentView.swift */ = {isa = PBXFileReference; includeInIndex = 1; lastKnownFileType = sourcecode.swift; name = ContentView.swift; path = src/MarkdownPreviewApp/ContentView.swift; sourceTree = "<group>"; };
		69933CDE65CEAD5408F0C92F /* highlight.min.js */ = {isa = PBXFileReference; includeInIndex = 1; name = highlight.min.js; path = src/MarkdownPreviewExtension/Resources/HighlightJS/highlight.min.js; sourceTree = "<group>"; };
		88D1061D11B79EB7017BFC85 /* parser-html.js */ = {isa = PBXFileReference; includeInIndex = 1; name = "parser-html.js"; path = "src/MarkdownPreviewExtension/Resources/Prettier/parser-html.js"; sourceTree = "<group>"; };
		8A30A8BF4279F8CD364E6E10 /* Assets.xcassets */ = {isa = PBXFileReference; includeInIndex = 1; lastKnownFileType = folder.assetcatalog; name = Assets.xcassets; path = src/MarkdownPreviewApp/Assets.xcassets; sourceTree = "<group>"; };
		B2FB48F99462A735A0A0D238 /* MarkdownPreviewApp.swift */ = {isa = PBXFileReference; includeInIndex = 1; lastKnownFileType = sourcecode.swift; name = MarkdownPreviewApp.swift; path = src/MarkdownPreviewApp/MarkdownPreviewApp.swift; sourceTree = "<group>"; };
		B36AC6EB7B1882C64A2DE876 /* PreviewViewController.swift */ = {isa = PBXFileReference; includeInIndex = 1; lastKnownFileType = sourcecode.swift; name = PreviewViewController.swift; path = src/MarkdownPreviewExtension/PreviewViewController.swift; sourceTree = "<group>"; };
		BAE9AD42878E114EE2A68F4C /* Cocoa.framework */ = {isa = PBXFileReference; lastKnownFileType = wrapper.framework; name = Cocoa.framework; path = Platforms/MacOSX.platform/Developer/SDKs/MacOSX15.0.sdk/System/Library/Frameworks/Cocoa.framework; sourceTree = DEVELOPER_DIR; };
		C2D83C66EF417FF245BD52BA /* MarkdownPreviewApp.app */ = {isa = PBXFileReference; explicitFileType = wrapper.application; includeInIndex = 0; path = MarkdownPreviewApp.app; sourceTree = BUILT_PRODUCTS_DIR; };
		C2EA4345895DE5E462C6C6A4 /* MarkdownPreviewExtension.appex */ = {isa = PBXFileReference; explicitFileType = "wrapper.app-extension"; includeInIndex = 0; path = MarkdownPreviewExtension.appex; sourceTree = BUILT_PRODUCTS_DIR; };
		D0AD2A7245D7B11289B7CB27 /* parser-babel.js */ = {isa = PBXFileReference; includeInIndex = 1; name = "parser-babel.js"; path = "src/MarkdownPreviewExtension/Resources/Prettier/parser-babel.js"; sourceTree = "<group>"; };
/* End PBXFileReference section */

/* Begin PBXFrameworksBuildPhase section */
		52BEB42ABD8E2C928624113A /* Frameworks */ = {
			isa = PBXFrameworksBuildPhase;
			buildActionMask = 2147483647;
			files = (
				35750E8387B89A38F32073BF /* Cocoa.framework in Frameworks */,
				D2C81C7DE7BBBD8623B011F8 /* CoreMarkdownPreview in Frameworks */,
			);
			runOnlyForDeploymentPostprocessing = 0;
		};
		BBB39AF9614D54F01B3C6D9D /* Frameworks */ = {
			isa = PBXFrameworksBuildPhase;
			buildActionMask = 2147483647;
			files = (
				646A4363E990BF198398CA29 /* Cocoa.framework in Frameworks */,
			);
			runOnlyForDeploymentPostprocessing = 0;
		};
/* End PBXFrameworksBuildPhase section */

/* Begin PBXGroup section */
		21AC54B6EB7EC212F60D4B6F /* src */ = {
			isa = PBXGroup;
			children = (
				DBDAB2964125BE5EBBE2B78F /* MarkdownPreviewApp */,
				5674AA052651CC1389F6EEEB /* MarkdownPreviewExtension */,
			);
			name = src;
			sourceTree = "<group>";
		};
		2BEBD7B068E7E783D8B0A2AA /* Frameworks */ = {
			isa = PBXGroup;
			children = (
				5090C3D338FB31CBFA3AF5C3 /* OS X */,
			);
			name = Frameworks;
			sourceTree = "<group>";
		};
		5090C3D338FB31CBFA3AF5C3 /* OS X */ = {
			isa = PBXGroup;
			children = (
				BAE9AD42878E114EE2A68F4C /* Cocoa.framework */,
			);
			name = "OS X";
			sourceTree = "<group>";
		};
		5674AA052651CC1389F6EEEB /* MarkdownPreviewExtension */ = {
			isa = PBXGroup;
			children = (
			);
			name = MarkdownPreviewExtension;
			sourceTree = "<group>";
		};
		66F740AD0F315766F75B5EDA /* Products */ = {
			isa = PBXGroup;
			children = (
				C2D83C66EF417FF245BD52BA /* MarkdownPreviewApp.app */,
				C2EA4345895DE5E462C6C6A4 /* MarkdownPreviewExtension.appex */,
			);
			name = Products;
			sourceTree = "<group>";
		};
		72FBADCD27C2CDB4D9CE95DE = {
			isa = PBXGroup;
			children = (
				66F740AD0F315766F75B5EDA /* Products */,
				2BEBD7B068E7E783D8B0A2AA /* Frameworks */,
				21AC54B6EB7EC212F60D4B6F /* src */,
				B2FB48F99462A735A0A0D238 /* MarkdownPreviewApp.swift */,
				573CD8E3ECC6F343841CB7BB /* ContentView.swift */,
				8A30A8BF4279F8CD364E6E10 /* Assets.xcassets */,
				B36AC6EB7B1882C64A2DE876 /* PreviewViewController.swift */,
				69933CDE65CEAD5408F0C92F /* highlight.min.js */,
				112C480A2BECBD10145CB768 /* standalone.js */,
				D0AD2A7245D7B11289B7CB27 /* parser-babel.js */,
				144819D86C39C3B67F6B4A21 /* parser-estree.js */,
				88D1061D11B79EB7017BFC85 /* parser-html.js */,
				4FA7865379FE4ECEA88C0EB5 /* parser-yaml.js */,
			);
			sourceTree = "<group>";
		};
		DBDAB2964125BE5EBBE2B78F /* MarkdownPreviewApp */ = {
			isa = PBXGroup;
			children = (
			);
			name = MarkdownPreviewApp;
			sourceTree = "<group>";
		};
/* End PBXGroup section */

/* Begin PBXNativeTarget section */
		5330B2759C88E10675B54C7C /* MarkdownPreviewApp */ = {
			isa = PBXNativeTarget;
			buildConfigurationList = 663CDA928C51144F15F5A3CA /* Build configuration list for PBXNativeTarget "MarkdownPreviewApp" */;
			buildPhases = (
				8B1CB23549ABF937C68E8FC8 /* Sources */,
				BBB39AF9614D54F01B3C6D9D /* Frameworks */,
				5F522C8CD63C3D9F8A440D4D /* Resources */,
				9519A91C76672B0554A725D3 /* Embed App Extensions */,
			);
			buildRules = (
			);
			dependencies = (
				FBD20E2E87F09B457F174190 /* PBXTargetDependency */,
			);
			name = MarkdownPreviewApp;
			productName = MarkdownPreviewApp;
			productReference = C2D83C66EF417FF245BD52BA /* MarkdownPreviewApp.app */;
			productType = "com.apple.product-type.application";
		};
		541B56C7FE4DA528EF572819 /* MarkdownPreviewExtension */ = {
			isa = PBXNativeTarget;
			buildConfigurationList = A104A9CDDA67C19AD1CB4B0A /* Build configuration list for PBXNativeTarget "MarkdownPreviewExtension" */;
			buildPhases = (
				05CB5070A64235D5227A4726 /* Sources */,
				52BEB42ABD8E2C928624113A /* Frameworks */,
				CB9589EFA1AC94E43D0F017C /* Resources */,
			);
			buildRules = (
			);
			dependencies = (
			);
			name = MarkdownPreviewExtension;
			packageProductDependencies = (
				B4639CA4D54F2C7895CF1B66 /* CoreMarkdownPreview */,
			);
			productName = MarkdownPreviewExtension;
			productReference = C2EA4345895DE5E462C6C6A4 /* MarkdownPreviewExtension.appex */;
			productType = "com.apple.product-type.app-extension";
		};
/* End PBXNativeTarget section */

/* Begin PBXProject section */
		6C50B20F11FB99D6E50D1D0E /* Project object */ = {
			isa = PBXProject;
			attributes = {
				LastSwiftUpdateCheck = 1600;
				LastUpgradeCheck = 2620;
			};
			buildConfigurationList = 4BB71ED463B14CD5BE2C04B4 /* Build configuration list for PBXProject "MarkdownPreview" */;
			compatibilityVersion = "Xcode 3.2";
			developmentRegion = en;
			hasScannedForEncodings = 0;
			knownRegions = (
				en,
				Base,
			);
			mainGroup = 72FBADCD27C2CDB4D9CE95DE;
			minimizedProjectReferenceProxies = 0;
			packageReferences = (
				6A6BE39132522EC5D21303F2 /* XCLocalSwiftPackageReference "CoreMarkdownPreview" */,
			);
			preferredProjectObjectVersion = 77;
			productRefGroup = 66F740AD0F315766F75B5EDA /* Products */;
			projectDirPath = "";
			projectRoot = "";
			targets = (
				5330B2759C88E10675B54C7C /* MarkdownPreviewApp */,
				541B56C7FE4DA528EF572819 /* MarkdownPreviewExtension */,
			);
		};
/* End PBXProject section */

/* Begin PBXResourcesBuildPhase section */
		5F522C8CD63C3D9F8A440D4D /* Resources */ = {
			isa = PBXResourcesBuildPhase;
			buildActionMask = 2147483647;
			files = (
				36BA82F82E0B259003ECD993 /* Assets.xcassets in Resources */,
			);
			runOnlyForDeploymentPostprocessing = 0;
		};
		CB9589EFA1AC94E43D0F017C /* Resources */ = {
			isa = PBXResourcesBuildPhase;
			buildActionMask = 2147483647;
			files = (
				D700BCFC9C31BC76C975079B /* highlight.min.js in Resources */,
				ECFE41672A2A7A51014D688E /* standalone.js in Resources */,
				FCF11DF8892651F48199A12A /* parser-babel.js in Resources */,
				4E85210CD088EFEE420AB9DE /* parser-estree.js in Resources */,
				E6A555912AB23EAD78964E92 /* parser-html.js in Resources */,
				89E500052707AEB7BA65BB22 /* parser-yaml.js in Resources */,
			);
			runOnlyForDeploymentPostprocessing = 0;
		};
/* End PBXResourcesBuildPhase section */

/* Begin PBXSourcesBuildPhase section */
		05CB5070A64235D5227A4726 /* Sources */ = {
			isa = PBXSourcesBuildPhase;
			buildActionMask = 2147483647;
			files = (
				644E1B44F6ED771D5592C935 /* PreviewViewController.swift in Sources */,
			);
			runOnlyForDeploymentPostprocessing = 0;
		};
		8B1CB23549ABF937C68E8FC8 /* Sources */ = {
			isa = PBXSourcesBuildPhase;
			buildActionMask = 2147483647;
			files = (
				C89B520E8A4EC3B47B6F7A17 /* MarkdownPreviewApp.swift in Sources */,
				261030873AC57F9032CBE1AE /* ContentView.swift in Sources */,
			);
			runOnlyForDeploymentPostprocessing = 0;
		};
/* End PBXSourcesBuildPhase section */

/* Begin PBXTargetDependency section */
		FBD20E2E87F09B457F174190 /* PBXTargetDependency */ = {
			isa = PBXTargetDependency;
			name = MarkdownPreviewExtension;
			target = 541B56C7FE4DA528EF572819 /* MarkdownPreviewExtension */;
			targetProxy = 341EECF6D1F099793A70BB34 /* PBXContainerItemProxy */;
		};
/* End PBXTargetDependency section */

/* Begin XCBuildConfiguration section */
		4EC74C381E288FEE0A0B8B30 /* Release */ = {
			isa = XCBuildConfiguration;
			buildSettings = {
				ALWAYS_SEARCH_USER_PATHS = NO;
				CLANG_ANALYZER_NONNULL = YES;
				CLANG_ANALYZER_NUMBER_OBJECT_CONVERSION = YES_AGGRESSIVE;
				CLANG_CXX_LANGUAGE_STANDARD = "gnu++14";
				CLANG_CXX_LIBRARY = "libc++";
				CLANG_ENABLE_MODULES = YES;
				CLANG_ENABLE_OBJC_ARC = YES;
				CLANG_ENABLE_OBJC_WEAK = YES;
				CLANG_WARN_BLOCK_CAPTURE_AUTORELEASING = YES;
				CLANG_WARN_BOOL_CONVERSION = YES;
				CLANG_WARN_COMMA = YES;
				CLANG_WARN_CONSTANT_CONVERSION = YES;
				CLANG_WARN_DEPRECATED_OBJC_IMPLEMENTATIONS = YES;
				CLANG_WARN_DIRECT_OBJC_ISA_USAGE = YES_ERROR;
				CLANG_WARN_DOCUMENTATION_COMMENTS = YES;
				CLANG_WARN_EMPTY_BODY = YES;
				CLANG_WARN_ENUM_CONVERSION = YES;
				CLANG_WARN_INFINITE_RECURSION = YES;
				CLANG_WARN_INT_CONVERSION = YES;
				CLANG_WARN_NON_LITERAL_NULL_CONVERSION = YES;
				CLANG_WARN_OBJC_IMPLICIT_RETAIN_SELF = YES;
				CLANG_WARN_OBJC_LITERAL_CONVERSION = YES;
				CLANG_WARN_OBJC_ROOT_CLASS = YES_ERROR;
				CLANG_WARN_QUOTED_INCLUDE_IN_FRAMEWORK_HEADER = YES;
				CLANG_WARN_RANGE_LOOP_ANALYSIS = YES;
				CLANG_WARN_STRICT_PROTOTYPES = YES;
				CLANG_WARN_SUSPICIOUS_MOVE = YES;
				CLANG_WARN_UNGUARDED_AVAILABILITY = YES_AGGRESSIVE;
				CLANG_WARN_UNREACHABLE_CODE = YES;
				CLANG_WARN__DUPLICATE_METHOD_MATCH = YES;
				CODE_SIGN_STYLE = Automatic;
				COPY_PHASE_STRIP = NO;
				DEBUG_INFORMATION_FORMAT = "dwarf-with-dsym";
				ENABLE_NS_ASSERTIONS = NO;
				ENABLE_STRICT_OBJC_MSGSEND = YES;
				ENABLE_USER_SCRIPT_SANDBOXING = YES;
				GCC_C_LANGUAGE_STANDARD = gnu11;
				GCC_NO_COMMON_BLOCKS = YES;
				GCC_WARN_64_TO_32_BIT_CONVERSION = YES;
				GCC_WARN_ABOUT_RETURN_TYPE = YES_ERROR;
				GCC_WARN_UNDECLARED_SELECTOR = YES;
				GCC_WARN_UNINITIALIZED_AUTOS = YES_AGGRESSIVE;
				GCC_WARN_UNUSED_FUNCTION = YES;
				GCC_WARN_UNUSED_VARIABLE = YES;
				GENERATE_INFOPLIST_FILE = NO;
				MACOSX_DEPLOYMENT_TARGET = 13.0;
				MTL_ENABLE_DEBUG_INFO = NO;
				MTL_FAST_MATH = YES;
				PRODUCT_NAME = "$(TARGET_NAME)";
				SWIFT_COMPILATION_MODE = wholemodule;
				SWIFT_OPTIMIZATION_LEVEL = "-O";
				SWIFT_VERSION = 5.0;
			};
			name = Release;
		};
		7222DF4108FCED062B49F1C8 /* Debug */ = {
			isa = XCBuildConfiguration;
			buildSettings = {
				ASSETCATALOG_COMPILER_APPICON_NAME = AppIcon;
				ASSETCATALOG_COMPILER_GLOBAL_ACCENT_COLOR_NAME = AccentColor;
				CODE_SIGN_ENTITLEMENTS = src/Config/MarkdownPreviewApp.entitlements;
				CODE_SIGN_IDENTITY = "Apple Development";
				"CODE_SIGN_IDENTITY[sdk=macosx*]" = "Apple Development";
				CODE_SIGN_STYLE = Manual;
				COMBINE_HIDPI_IMAGES = YES;
				CURRENT_PROJECT_VERSION = 1;
				DEVELOPMENT_TEAM = ZVKZS6XN7Q;
				INFOPLIST_FILE = "src/Config/MarkdownPreviewApp-Info.plist";
				LD_RUNPATH_SEARCH_PATHS = "$(inherited) @executable_path/../Frameworks";
				MACOSX_DEPLOYMENT_TARGET = 13.0;
				MARKETING_VERSION = 1.0;
				PRODUCT_BUNDLE_IDENTIFIER = com.local.MarkdownPreviewApp;
				SDKROOT = macosx;
				SWIFT_EMIT_LOC_STRINGS = YES;
			};
			name = Debug;
		};
		84CF73FBB59FE84444003D98 /* Release */ = {
			isa = XCBuildConfiguration;
			buildSettings = {
				ASSETCATALOG_COMPILER_APPICON_NAME = AppIcon;
				ASSETCATALOG_COMPILER_GLOBAL_ACCENT_COLOR_NAME = AccentColor;
				CODE_SIGN_ENTITLEMENTS = src/Config/MarkdownPreviewApp.entitlements;
				CODE_SIGN_IDENTITY = "Apple Development";
				"CODE_SIGN_IDENTITY[sdk=macosx*]" = "Apple Development";
				CODE_SIGN_STYLE = Manual;
				COMBINE_HIDPI_IMAGES = YES;
				CURRENT_PROJECT_VERSION = 1;
				DEVELOPMENT_TEAM = ZVKZS6XN7Q;
				INFOPLIST_FILE = "src/Config/MarkdownPreviewApp-Info.plist";
				LD_RUNPATH_SEARCH_PATHS = "$(inherited) @executable_path/../Frameworks";
				MACOSX_DEPLOYMENT_TARGET = 13.0;
				MARKETING_VERSION = 1.0;
				PRODUCT_BUNDLE_IDENTIFIER = com.local.MarkdownPreviewApp;
				SDKROOT = macosx;
				SWIFT_EMIT_LOC_STRINGS = YES;
			};
			name = Release;
		};
		917D1BE48A23117F8A6BAB4C /* Debug */ = {
			isa = XCBuildConfiguration;
			buildSettings = {
				APPLICATION_EXTENSION_API_ONLY = YES;
				CODE_SIGN_ENTITLEMENTS = src/Config/MarkdownPreviewExtension.entitlements;
				CODE_SIGN_IDENTITY = "Apple Development";
				"CODE_SIGN_IDENTITY[sdk=macosx*]" = "Apple Development";
				CODE_SIGN_STYLE = Manual;
				CURRENT_PROJECT_VERSION = 1;
				DEVELOPMENT_TEAM = ZVKZS6XN7Q;
				INFOPLIST_FILE = "src/Config/MarkdownPreviewExtension-Info.plist";
				LD_RUNPATH_SEARCH_PATHS = "$(inherited) @executable_path/../Frameworks @executable_path/../../Frameworks";
				MACOSX_DEPLOYMENT_TARGET = 13.0;
				MARKETING_VERSION = 1.0;
				PRODUCT_BUNDLE_IDENTIFIER = com.local.MarkdownPreviewApp.MarkdownPreviewExtension;
				SDKROOT = macosx;
				SKIP_INSTALL = YES;
			};
			name = Debug;
		};
		9B520CE007AB1DDE9513617D /* Release */ = {
			isa = XCBuildConfiguration;
			buildSettings = {
				APPLICATION_EXTENSION_API_ONLY = YES;
				CODE_SIGN_ENTITLEMENTS = src/Config/MarkdownPreviewExtension.entitlements;
				CODE_SIGN_IDENTITY = "Apple Development";
				"CODE_SIGN_IDENTITY[sdk=macosx*]" = "Apple Development";
				CODE_SIGN_STYLE = Manual;
				CURRENT_PROJECT_VERSION = 1;
				DEVELOPMENT_TEAM = ZVKZS6XN7Q;
				INFOPLIST_FILE = "src/Config/MarkdownPreviewExtension-Info.plist";
				LD_RUNPATH_SEARCH_PATHS = "$(inherited) @executable_path/../Frameworks @executable_path/../../Frameworks";
				MACOSX_DEPLOYMENT_TARGET = 13.0;
				MARKETING_VERSION = 1.0;
				PRODUCT_BUNDLE_IDENTIFIER = com.local.MarkdownPreviewApp.MarkdownPreviewExtension;
				SDKROOT = macosx;
				SKIP_INSTALL = YES;
			};
			name = Release;
		};
		B1093887D5AD86187850E408 /* Debug */ = {
			isa = XCBuildConfiguration;
			buildSettings = {
				ALWAYS_SEARCH_USER_PATHS = NO;
				CLANG_ANALYZER_NONNULL = YES;
				CLANG_ANALYZER_NUMBER_OBJECT_CONVERSION = YES_AGGRESSIVE;
				CLANG_CXX_LANGUAGE_STANDARD = "gnu++14";
				CLANG_CXX_LIBRARY = "libc++";
				CLANG_ENABLE_MODULES = YES;
				CLANG_ENABLE_OBJC_ARC = YES;
				CLANG_ENABLE_OBJC_WEAK = YES;
				CLANG_WARN_BLOCK_CAPTURE_AUTORELEASING = YES;
				CLANG_WARN_BOOL_CONVERSION = YES;
				CLANG_WARN_COMMA = YES;
				CLANG_WARN_CONSTANT_CONVERSION = YES;
				CLANG_WARN_DEPRECATED_OBJC_IMPLEMENTATIONS = YES;
				CLANG_WARN_DIRECT_OBJC_ISA_USAGE = YES_ERROR;
				CLANG_WARN_DOCUMENTATION_COMMENTS = YES;
				CLANG_WARN_EMPTY_BODY = YES;
				CLANG_WARN_ENUM_CONVERSION = YES;
				CLANG_WARN_INFINITE_RECURSION = YES;
				CLANG_WARN_INT_CONVERSION = YES;
				CLANG_WARN_NON_LITERAL_NULL_CONVERSION = YES;
				CLANG_WARN_OBJC_IMPLICIT_RETAIN_SELF = YES;
				CLANG_WARN_OBJC_LITERAL_CONVERSION = YES;
				CLANG_WARN_OBJC_ROOT_CLASS = YES_ERROR;
				CLANG_WARN_QUOTED_INCLUDE_IN_FRAMEWORK_HEADER = YES;
				CLANG_WARN_RANGE_LOOP_ANALYSIS = YES;
				CLANG_WARN_STRICT_PROTOTYPES = YES;
				CLANG_WARN_SUSPICIOUS_MOVE = YES;
				CLANG_WARN_UNGUARDED_AVAILABILITY = YES_AGGRESSIVE;
				CLANG_WARN_UNREACHABLE_CODE = YES;
				CLANG_WARN__DUPLICATE_METHOD_MATCH = YES;
				CODE_SIGN_STYLE = Automatic;
				COPY_PHASE_STRIP = NO;
				DEBUG_INFORMATION_FORMAT = dwarf;
				ENABLE_STRICT_OBJC_MSGSEND = YES;
				ENABLE_TESTABILITY = YES;
				ENABLE_USER_SCRIPT_SANDBOXING = YES;
				GCC_C_LANGUAGE_STANDARD = gnu11;
				GCC_DYNAMIC_NO_PIC = NO;
				GCC_NO_COMMON_BLOCKS = YES;
				GCC_OPTIMIZATION_LEVEL = 0;
				GCC_PREPROCESSOR_DEFINITIONS = (
					"DEBUG=1",
					"$(inherited)",
				);
				GCC_WARN_64_TO_32_BIT_CONVERSION = YES;
				GCC_WARN_ABOUT_RETURN_TYPE = YES_ERROR;
				GCC_WARN_UNDECLARED_SELECTOR = YES;
				GCC_WARN_UNINITIALIZED_AUTOS = YES_AGGRESSIVE;
				GCC_WARN_UNUSED_FUNCTION = YES;
				GCC_WARN_UNUSED_VARIABLE = YES;
				GENERATE_INFOPLIST_FILE = NO;
				MACOSX_DEPLOYMENT_TARGET = 13.0;
				MTL_ENABLE_DEBUG_INFO = INCLUDE_SOURCE;
				MTL_FAST_MATH = YES;
				ONLY_ACTIVE_ARCH = YES;
				PRODUCT_NAME = "$(TARGET_NAME)";
				SWIFT_ACTIVE_COMPILATION_CONDITIONS = DEBUG;
				SWIFT_OPTIMIZATION_LEVEL = "-Onone";
				SWIFT_VERSION = 5.0;
			};
			name = Debug;
		};
/* End XCBuildConfiguration section */

/* Begin XCConfigurationList section */
		4BB71ED463B14CD5BE2C04B4 /* Build configuration list for PBXProject "MarkdownPreview" */ = {
			isa = XCConfigurationList;
			buildConfigurations = (
				B1093887D5AD86187850E408 /* Debug */,
				4EC74C381E288FEE0A0B8B30 /* Release */,
			);
			defaultConfigurationIsVisible = 0;
			defaultConfigurationName = Release;
		};
		663CDA928C51144F15F5A3CA /* Build configuration list for PBXNativeTarget "MarkdownPreviewApp" */ = {
			isa = XCConfigurationList;
			buildConfigurations = (
				84CF73FBB59FE84444003D98 /* Release */,
				7222DF4108FCED062B49F1C8 /* Debug */,
			);
			defaultConfigurationIsVisible = 0;
			defaultConfigurationName = Release;
		};
		A104A9CDDA67C19AD1CB4B0A /* Build configuration list for PBXNativeTarget "MarkdownPreviewExtension" */ = {
			isa = XCConfigurationList;
			buildConfigurations = (
				9B520CE007AB1DDE9513617D /* Release */,
				917D1BE48A23117F8A6BAB4C /* Debug */,
			);
			defaultConfigurationIsVisible = 0;
			defaultConfigurationName = Release;
		};
/* End XCConfigurationList section */

/* Begin XCLocalSwiftPackageReference section */
		6A6BE39132522EC5D21303F2 /* XCLocalSwiftPackageReference "CoreMarkdownPreview" */ = {
			isa = XCLocalSwiftPackageReference;
			relativePath = src/CoreMarkdownPreview;
		};
/* End XCLocalSwiftPackageReference section */

/* Begin XCSwiftPackageProductDependency section */
		B4639CA4D54F2C7895CF1B66 /* CoreMarkdownPreview */ = {
			isa = XCSwiftPackageProductDependency;
			package = 6A6BE39132522EC5D21303F2 /* XCLocalSwiftPackageReference "CoreMarkdownPreview" */;
			productName = CoreMarkdownPreview;
		};
/* End XCSwiftPackageProductDependency section */
	};
	rootObject = 6C50B20F11FB99D6E50D1D0E /* Project object */;
}
